# This file is automatically @generated by Cargo.
# It is not intended for manual editing.
version = 4

[[package]]
name = "elmos-ai-vector-core"
version = "0.1.0"
dependencies = [
 "serde",
 "serde_json",
]

[[package]]
name = "elmos-archive-guard"
version = "0.1.0"
dependencies = [
 "elmos-repo-scanner",
 "memchr",
 "serde",
 "serde_json",
]

[[package]]
name = "elmos-attestation-core"
version = "0.1.0"
dependencies = [
 "serde",
 "serde_json",
]

[[package]]
name = "elmos-blast-radius"
version = "0.1.0"
dependencies = [
 "serde",
 "serde_json",
]

[[package]]
name = "elmos-bytecode-scanner"
version = "0.1.0"
dependencies = [
 "serde",
 "serde_json",
]

[[package]]
name = "elmos-cas-core"
version = "0.1.0"
dependencies = [
 "serde",
 "serde_json",
]

[[package]]
name = "elmos-contract-diff"
version = "0.1.0"
dependencies = [
 "serde",
 "serde_json",
]

[[package]]
name = "elmos-cst-parser"
version = "0.1.0"
dependencies = [
 "serde",
 "serde_json",
]

[[package]]
name = "elmos-data-reconciler"
version = "0.1.0"
dependencies = [
 "serde",
 "serde_json",
]

[[package]]
name = "elmos-dep-solver"
version = "0.1.0"
dependencies = [
 "serde",
 "serde_json",
]

[[package]]
name = "elmos-foundry-graph"
version = "0.1.0"
dependencies = [
 "serde",
 "serde_json",
]

[[package]]
name = "elmos-industrial-core"
version = "0.1.0"
dependencies = [
 "serde",
 "serde_json",
]

[[package]]
name = "elmos-j2p-core"
version = "0.1.0"
dependencies = [
 "serde",
 "serde_json",
]

[[package]]
name = "elmos-mainframe-core"
version = "0.1.0"
dependencies = [
 "serde",
 "serde_json",
]

[[package]]
name = "elmos-mutation-core"
version = "0.1.0"
dependencies = [
 "serde",
 "serde_json",
]

[[package]]
name = "elmos-native-core"
version = "0.1.0"
dependencies = [
 "elmos-ai-vector-core",
 "elmos-archive-guard",
 "elmos-attestation-core",
 "elmos-blast-radius",
 "elmos-bytecode-scanner",
 "elmos-cas-core",
 "elmos-contract-diff",
 "elmos-cst-parser",
 "elmos-data-reconciler",
 "elmos-dep-solver",
 "elmos-foundry-graph",
 "elmos-industrial-core",
 "elmos-j2p-core",
 "elmos-mainframe-core",
 "elmos-mutation-core",
 "elmos-repo-scanner",
 "elmos-shadow-diff",
 "elmos-sql-splitter",
 "elmos-symbol-graph",
 "serde",
 "serde_json",
]

[[package]]
name = "elmos-repo-scanner"
version = "0.1.0"
dependencies = [
 "memchr",
 "serde",
 "serde_json",
]

[[package]]
name = "elmos-shadow-diff"
version = "0.1.0"
dependencies = [
 "serde",
 "serde_json",
]

[[package]]
name = "elmos-sql-splitter"
version = "0.1.0"
dependencies = [
 "memchr",
 "serde",
 "serde_json",
]

[[package]]
name = "elmos-symbol-graph"
version = "0.1.0"
dependencies = [
 "serde",
 "serde_json",
]

[[package]]
name = "itoa"
version = "1.0.18"

[[package]]
name = "memchr"
version = "2.8.3"

[[package]]
name = "proc-macro2"
version = "1.0.107"
dependencies = [
 "unicode-ident",
]

[[package]]
name = "quote"
version = "1.0.47"
dependencies = [
 "proc-macro2",
]

[[package]]
name = "ryu"
version = "1.0.23"

[[package]]
name = "serde"
version = "1.0.219"
dependencies = [
 "serde_derive",
]

[[package]]
name = "serde_derive"
version = "1.0.219"
dependencies = [
 "proc-macro2",
 "quote",
 "syn",
]

[[package]]
name = "serde_json"
version = "1.0.143"
dependencies = [
 "itoa",
 "memchr",
 "ryu",
 "serde",
]

[[package]]
name = "syn"
version = "2.0.119"
dependencies = [
 "proc-macro2",
 "quote",
 "unicode-ident",
]

[[package]]
name = "unicode-ident"
version = "1.0.24"
