version = 1
revision = 3
requires-python = ">=3.11"

[[package]]
name = "elmos-proof-driven-harness-engine"
version = "3.1.0"
source = { editable = "." }

[package.optional-dependencies]
postgres = [
    { name = "psycopg", extra = ["binary"] },
]

[package.metadata]
requires-dist = [{ name = "psycopg", extras = ["binary"], marker = "extra == 'postgres'", specifier = "==3.2.13" }]
provides-extras = ["postgres"]

[[package]]
name = "psycopg"
version = "3.2.13"
source = { registry = "https://pypi.org/simple" }
dependencies = [
    { name = "typing-extensions", marker = "python_full_version < '3.13'" },
    { name = "tzdata", marker = "sys_platform == 'win32'" },
]
sdist = { url = "https://files.pythonhosted.org/packages/44/05/d4a05988f15fcf90e0088c735b1f2fc04a30b7fc65461d6ec278f5f2f17a/psycopg-3.2.13.tar.gz", hash = "sha256:309adaeda61d44556046ec9a83a93f42bbe5310120b1995f3af49ab6d9f13c1d", size = 160626, upload-time = "2025-11-21T22:34:32.328Z" }
wheels = [
    { url = "https://files.pythonhosted.org/packages/a9/14/f2724bd1986158a348316e86fdd0837a838b14a711df3f00e47fba597447/psycopg-3.2.13-py3-none-any.whl", hash = "sha256:a481374514f2da627157f767a9336705ebefe93ea7a0522a6cbacba165da179a", size = 206797, upload-time = "2025-11-21T22:29:39.733Z" },
]

[package.optional-dependencies]
binary = [
    { name = "psycopg-binary", marker = "implementation_name != 'pypy'" },
]

[[package]]
name = "psycopg-binary"
version = "3.2.13"
source = { registry = "https://pypi.org/simple" }
wheels = [
    { url = "https://files.pythonhosted.org/packages/06/f5/fc70804a999167daf5b876107b99e8fe91c3f785a31753c0e3e7b93446ba/psycopg_binary-3.2.13-cp311-cp311-macosx_10_9_x86_64.whl", hash = "sha256:9cfe87749d010dfd34534ba8c71aa0674db9a3fce65232c98989f77c742c9ce7", size = 4013844, upload-time = "2025-11-21T22:30:25.985Z" },
    { url = "https://files.pythonhosted.org/packages/07/87/857639681f5dfcd567aaf199fe4e5b026a105b0462a604f4fb7eda0735d8/psycopg_binary-3.2.13-cp311-cp311-macosx_11_0_arm64.whl", hash = "sha256:8db77fac1dfe3f69c982db92a51fd78e1354fa8f523a6781a636123e5c7ffcde", size = 4077002, upload-time = "2025-11-21T22:30:29.539Z" },
    { url = "https://files.pythonhosted.org/packages/7c/1d/2cb7af6a31429b9022455c966d8408a2b5a19acd3de7610402381518e8f7/psycopg_binary-3.2.13-cp311-cp311-manylinux2014_aarch64.manylinux_2_17_aarch64.whl", hash = "sha256:cbbac4cd5b0e14b91ad8244268ca3fc2f527d1a337b489af57d7669c9d2e1a24", size = 4637181, upload-time = "2025-11-21T22:30:34.126Z" },
    { url = "https://files.pythonhosted.org/packages/28/bd/ffde1ac7e6ab75646c253fbe0378772fb6f0229af8a05cd9862ee8aad0f0/psycopg_binary-3.2.13-cp311-cp311-manylinux2014_ppc64le.manylinux_2_17_ppc64le.whl", hash = "sha256:a146f0a59a7e3ca92996f8133b1d5e5922e668f7c656b4a9201e702f4cf25896", size = 4737775, upload-time = "2025-11-21T22:30:38.408Z" },
    { url = "https://files.pythonhosted.org/packages/c2/74/3702732d01639c97943d56ec26860357dfacda0b5a708e82e794d07f499c/psycopg_binary-3.2.13-cp311-cp311-manylinux2014_x86_64.manylinux_2_17_x86_64.whl", hash = "sha256:27150515de5f709e4142429db6fd36a1d01f0b8b17d915b5f7bb095364465398", size = 4421537, upload-time = "2025-11-21T22:30:42.696Z" },
    { url = "https://files.pythonhosted.org/packages/f2/8c/915a899857c2211196aa7f1749ba85bed421afaf72f185a0eb91e64ba550/psycopg_binary-3.2.13-cp311-cp311-musllinux_1_2_aarch64.whl", hash = "sha256:9942255705255367d94368941e3a913b0daf74b47d191471dbe4dc0de9fbc769", size = 3877500, upload-time = "2025-11-21T22:30:47.064Z" },
    { url = "https://files.pythonhosted.org/packages/36/d9/46060c183413bf62d47df98d7e3b30ab561639bcb583c3796cca30dafa43/psycopg_binary-3.2.13-cp311-cp311-musllinux_1_2_ppc64le.whl", hash = "sha256:75ebc8335f48c339ec24f4c371595f6b7043147fe6d18e619c8564428ab8adaf", size = 3560186, upload-time = "2025-11-21T22:30:54.522Z" },
    { url = "https://files.pythonhosted.org/packages/56/cf/2987689614632898e4861e4122cd41937ea9b5afcbe3c3061c7265bfa6de/psycopg_binary-3.2.13-cp311-cp311-musllinux_1_2_x86_64.whl", hash = "sha256:6fe2982a73b2ea473c9e2b91a35a21af3b03313bed188eccbcde4972483ac60a", size = 3601117, upload-time = "2025-11-21T22:31:01.218Z" },
    { url = "https://files.pythonhosted.org/packages/e2/ef/df7fa8a47ef47d08af8a792343811a98bc7ab48f763560fc1d5acc1f28af/psycopg_binary-3.2.13-cp311-cp311-win_amd64.whl", hash = "sha256:6a50db4661fae78779d3cc38a0a68cabc997ca9d485ec27443b109ef8ac1672a", size = 2912873, upload-time = "2025-11-21T22:31:05.473Z" },
    { url = "https://files.pythonhosted.org/packages/49/9e/f90243b3d0d007a89989b013b0eb3e78ac929fed4eb40a2b317452abafe1/psycopg_binary-3.2.13-cp312-cp312-macosx_10_13_x86_64.whl", hash = "sha256:223fc610a80bbc4355ad3c9952d468a18bb5cd7065846a8c275f100d80cd4004", size = 3996285, upload-time = "2025-11-21T22:31:08.95Z" },
    { url = "https://files.pythonhosted.org/packages/12/42/7d55f515ee3e2ced5ff9bc493fb2308f5187686b6d9583cd6a9c880d2053/psycopg_binary-3.2.13-cp312-cp312-macosx_11_0_arm64.whl", hash = "sha256:b67f06a68d68b4621b6a411f9e583df876977afa06b1ba270b1b347d40aa93fc", size = 4070567, upload-time = "2025-11-21T22:31:12.31Z" },
    { url = "https://files.pythonhosted.org/packages/a8/a8/ead4de04d8cf5f35119a75a8dd92fa4a2ec8a309b1aa58855f64616c03d7/psycopg_binary-3.2.13-cp312-cp312-manylinux2014_aarch64.manylinux_2_17_aarch64.whl", hash = "sha256:082579f2ae41bdabe20c82810810f3e290ac2206cccf0cb41cf36b3218f53b3c", size = 4616833, upload-time = "2025-11-21T22:31:16.614Z" },
    { url = "https://files.pythonhosted.org/packages/26/2e/4af6ab69ade7d67d31296f88c79c322a3522564e30b3f1458f19e74d67c3/psycopg_binary-3.2.13-cp312-cp312-manylinux2014_ppc64le.manylinux_2_17_ppc64le.whl", hash = "sha256:ff7df7bd8ec2c805f3a4896b8ade971139af0f9f8cf45d05014ac71fe54887be", size = 4711710, upload-time = "2025-11-21T22:31:22.007Z" },
    { url = "https://files.pythonhosted.org/packages/9a/31/bdbd6b2264bb7ae5fe8b775c5524da73329d8888c6137fd8b050ff9cabbc/psycopg_binary-3.2.13-cp312-cp312-manylinux2014_x86_64.manylinux_2_17_x86_64.whl", hash = "sha256:8f1189dc78553ef4b2e55d9e116fc74870191bc6a9a5f4442412a703c4cc6c3b", size = 4401656, upload-time = "2025-11-21T22:31:26.842Z" },
    { url = "https://files.pythonhosted.org/packages/33/c5/8fd8f96450e4ef242022c9a588305e3dc7309c34bc392a9b4c2da60854b1/psycopg_binary-3.2.13-cp312-cp312-musllinux_1_2_aarch64.whl", hash = "sha256:0ef8ed4a4e0f7bf5e941782478a43c14b2b585b031e2266dd3afb87be2775d95", size = 3851747, upload-time = "2025-11-21T22:31:30.5Z" },
    { url = "https://files.pythonhosted.org/packages/4a/47/406d102ae49d253f124644530f1e5b3fd2f92aea59d4f9b8dd1c71cf8e0f/psycopg_binary-3.2.13-cp312-cp312-musllinux_1_2_ppc64le.whl", hash = "sha256:de06fc9707a49f7c081b5c950974dd6de3dc33d681f7524f0b396471f5a4a480", size = 3524796, upload-time = "2025-11-21T22:31:34.377Z" },
    { url = "https://files.pythonhosted.org/packages/45/6f/a89be8aee27a5522e97dbcb225fe429c489acdf0bb25fc0fadb329dfb39f/psycopg_binary-3.2.13-cp312-cp312-musllinux_1_2_x86_64.whl", hash = "sha256:917ad1cd6e6ef8a9df2f28d7b29c7148f089be46ac56fe838f986c0227652d14", size = 3576536, upload-time = "2025-11-21T22:31:38.06Z" },
    { url = "https://files.pythonhosted.org/packages/ef/f8/c924c7dc792c81bf6181d7d4eeb613c8b2151b3a208f95cedec3c1a25ba3/psycopg_binary-3.2.13-cp312-cp312-win_amd64.whl", hash = "sha256:b53b0d9499805b307017070492189e349256e0946f62c815e442baa01f2ea6c5", size = 2902172, upload-time = "2025-11-21T22:31:41.256Z" },
    { url = "https://files.pythonhosted.org/packages/28/ec/ef37bb44dc02fcc6c0a3eeb93f4baaac13bcb228633fe38ad3fb5a3f6449/psycopg_binary-3.2.13-cp313-cp313-macosx_10_13_x86_64.whl", hash = "sha256:dbae6ab1966e2b61d97e47220556c330c4608bb4cfb3a124aa0595c39995c068", size = 3995628, upload-time = "2025-11-21T22:31:45.921Z" },
    { url = "https://files.pythonhosted.org/packages/6d/ad/4748f5f1a40248af16dba087dbec50bd335ee025cc1fb9bf64773378ceff/psycopg_binary-3.2.13-cp313-cp313-macosx_11_0_arm64.whl", hash = "sha256:fae933e4564386199fc54845d85413eedb49760e0bcd2b621fde2dd1825b99b3", size = 4069024, upload-time = "2025-11-21T22:31:50.202Z" },
    { url = "https://files.pythonhosted.org/packages/cf/c2/f02ec6bbc30c7fcd3b39823d2d624b42fae480edeb6e50eb3276281d5635/psycopg_binary-3.2.13-cp313-cp313-manylinux2014_aarch64.manylinux_2_17_aarch64.whl", hash = "sha256:13e2f8894d410678529ff9f1211f96c5a93ff142f992b302682b42d924428b61", size = 4615127, upload-time = "2025-11-21T22:31:56.517Z" },
    { url = "https://files.pythonhosted.org/packages/f0/0d/a54fc2cdd672c84175d6869cc823d6ec2a8909318d491f3c24e6077983f2/psycopg_binary-3.2.13-cp313-cp313-manylinux2014_ppc64le.manylinux_2_17_ppc64le.whl", hash = "sha256:f26f7009375cf1e92180e5c517c52da1054f7e690dde90e0ed00fa8b5736bcd4", size = 4710267, upload-time = "2025-11-21T22:32:04.585Z" },
    { url = "https://files.pythonhosted.org/packages/9d/b7/067de1acaf3d312253351f3af4121f972584bd36cada6378d4b0cdcebd38/psycopg_binary-3.2.13-cp313-cp313-manylinux2014_x86_64.manylinux_2_17_x86_64.whl", hash = "sha256:ea2fdbcc9142933a47c66970e0df8b363e3bd1ea4c5ce376f2f3d94a9aeec847", size = 4400795, upload-time = "2025-11-21T22:32:08.883Z" },
    { url = "https://files.pythonhosted.org/packages/64/b5/030e6b1ebfc4d3a8fca03adc5fc827982643bad0b01a1268538d17c08ed3/psycopg_binary-3.2.13-cp313-cp313-musllinux_1_2_aarch64.whl", hash = "sha256:ac92d6bc1d4a41c7459953a9aa727b9966e937e94c9e072527317fd2a67d488b", size = 3851239, upload-time = "2025-11-21T22:32:12.333Z" },
    { url = "https://files.pythonhosted.org/packages/79/6f/0541845364a7de9eae6807060da6a04b22a8eb2e803606d285d9250fbe93/psycopg_binary-3.2.13-cp313-cp313-musllinux_1_2_ppc64le.whl", hash = "sha256:8b843c00478739e95c46d6d3472b13123b634685f107831a9bfc41503a06ecbd", size = 3525084, upload-time = "2025-11-21T22:32:15.946Z" },
    { url = "https://files.pythonhosted.org/packages/83/ae/6507890dc30a4bbd9d938d4ff3a4079d009a5ad8170af51c7f762438fdbf/psycopg_binary-3.2.13-cp313-cp313-musllinux_1_2_x86_64.whl", hash = "sha256:2f63868cc96bc18486cebec24445affbdd7f7debf28fac466ea935a8b5a4753b", size = 3576787, upload-time = "2025-11-21T22:32:19.922Z" },
    { url = "https://files.pythonhosted.org/packages/9d/64/3d1c2f1fd09b60cdfbe68b9a810b357ba505eff6e4bdb1a2d9f6729da64c/psycopg_binary-3.2.13-cp313-cp313-win_amd64.whl", hash = "sha256:594dfbca3326e997ae738d3d339004e8416b1f7390f52ce8dc2d692393e8fa96", size = 2905584, upload-time = "2025-11-21T22:32:23.399Z" },
    { url = "https://files.pythonhosted.org/packages/d3/b4/7656b3d67bedff2b900c8c4671cb6eb5fb99c2fc36da33579cac89779c25/psycopg_binary-3.2.13-cp314-cp314-macosx_10_13_x86_64.whl", hash = "sha256:502a778c3e07c6b3aabfa56ee230e8c264d2debfab42d11535513a01bdfff0d6", size = 3997201, upload-time = "2025-11-21T22:32:28.185Z" },
    { url = "https://files.pythonhosted.org/packages/e0/2e/3b4afbd94d48df19c3931cedba464b109f89d81ac43178e6a3d654b4e8d5/psycopg_binary-3.2.13-cp314-cp314-macosx_11_0_arm64.whl", hash = "sha256:7561a71d764d6f74d66e8b7d844b0f27fa33de508f65c17b1d56a94c73644776", size = 4071631, upload-time = "2025-11-21T22:32:32.594Z" },
    { url = "https://files.pythonhosted.org/packages/5e/8b/107d06d55992e2f13157eb705ba5a47d06c4cf1bed077dff0c567b10c187/psycopg_binary-3.2.13-cp314-cp314-manylinux2014_aarch64.manylinux_2_17_aarch64.whl", hash = "sha256:9caf14745a1930b4e03fe4072cd7154eaf6e1241d20c42130ed784408a26b24b", size = 4620918, upload-time = "2025-11-21T22:32:37.357Z" },
    { url = "https://files.pythonhosted.org/packages/e1/47/a925620f261b115f31e813a5bfe640f316413b1864094a60162f4a6e4d67/psycopg_binary-3.2.13-cp314-cp314-manylinux2014_ppc64le.manylinux_2_17_ppc64le.whl", hash = "sha256:4a6cafabdc0bfa37e11c6f365020fd5916b62d6296df581f4dceaa43a2ce680c", size = 4714494, upload-time = "2025-11-21T22:32:42.138Z" },
    { url = "https://files.pythonhosted.org/packages/46/33/bed384665356bb9ba17dd8e104884d87cc2343d16dffdfd9aaa9a159bd4d/psycopg_binary-3.2.13-cp314-cp314-manylinux2014_x86_64.manylinux_2_17_x86_64.whl", hash = "sha256:c96cb5a27e68acac6d74b64fca38592a692de9c4b7827339190698d58027aa45", size = 4403046, upload-time = "2025-11-21T22:32:47.241Z" },
    { url = "https://files.pythonhosted.org/packages/41/88/749d8e8102fb5df502e2ecb053b79e78e3358af01af652b5dbeb96ab7905/psycopg_binary-3.2.13-cp314-cp314-musllinux_1_2_aarch64.whl", hash = "sha256:596176ae3dfbf56fc61108870bfe17c7205d33ac28d524909feb5335201daa0a", size = 3859046, upload-time = "2025-11-21T22:32:51.481Z" },
    { url = "https://files.pythonhosted.org/packages/38/7c/f492e63b517d6dcd564e8c43bc15e11a4c712a848adf8938ce33bfd4c867/psycopg_binary-3.2.13-cp314-cp314-musllinux_1_2_ppc64le.whl", hash = "sha256:cc3a0408435dfbb77eeca5e8050df4b19a6e9b7e5e5583edf524c4a83d6293b2", size = 3531351, upload-time = "2025-11-21T22:32:55.571Z" },
    { url = "https://files.pythonhosted.org/packages/07/5a/d8743eb23944e5cf2a0bbfa92935c140b5beaacdb872be641065ed70ab2c/psycopg_binary-3.2.13-cp314-cp314-musllinux_1_2_x86_64.whl", hash = "sha256:65df0d459ffba14082d8ca4bb2f6ffbb2f8d02968f7d34a747e1031934b76b23", size = 3581034, upload-time = "2025-11-21T22:33:01.648Z" },
    { url = "https://files.pythonhosted.org/packages/46/b2/411d4180252144f7eff024894d2d2ebb98c012c944a282fc20250870e461/psycopg_binary-3.2.13-cp314-cp314-win_amd64.whl", hash = "sha256:5c77f156c7316529ed371b5f95a51139e531328ee39c37493a2afcbc1f79d5de", size = 3000162, upload-time = "2025-11-21T22:33:07.378Z" },
]

[[package]]
name = "typing-extensions"
version = "4.16.0"
source = { registry = "https://pypi.org/simple" }
sdist = { url = "https://files.pythonhosted.org/packages/f6/cc/6253133b5bb138fc3306cebfbda2c520f545d36b5be2c7255cc528bb45d6/typing_extensions-4.16.0.tar.gz", hash = "sha256:dc983d19a509c94dba722ee6abd33940f7c05a89e243c47e907eb4db6f1a43e5", size = 113555, upload-time = "2026-07-02T08:40:05.92Z" }
wheels = [
    { url = "https://files.pythonhosted.org/packages/49/d3/b8441a820a491ddfc024b0b0cf0393375b75ea13866d9c66727e54c2fc80/typing_extensions-4.16.0-py3-none-any.whl", hash = "sha256:481caa481374e813c1b176ada14e97f1f67a4539ce9cfeb3f350d78d6370c2e8", size = 45571, upload-time = "2026-07-02T08:40:04.659Z" },
]

[[package]]
name = "tzdata"
version = "2026.3"
source = { registry = "https://pypi.org/simple" }
sdist = { url = "https://files.pythonhosted.org/packages/92/ff/5a28bdfd8c3ebec42564ac7d0e54ca3db65044a9314a97f9564fa7a1e926/tzdata-2026.3.tar.gz", hash = "sha256:4a1518b8993086a7982523e071643f3c0e5f213e75b21318e78bcabfff9d1415", size = 198674, upload-time = "2026-07-10T08:50:37.887Z" }
wheels = [
    { url = "https://files.pythonhosted.org/packages/e5/6d/b53b99a9f2766d095985947a5782f1702cabb129a34f7a802d7197af832f/tzdata-2026.3-py2.py3-none-any.whl", hash = "sha256:dc096730c87af6cab1b171c9d532be840741ff5d459015e7f6947bd7d7e54931", size = 348168, upload-time = "2026-07-10T08:50:36.46Z" },
]
